
Microsoft Visual Studio Solution File, Format Version 12.00
# Visual Studio Version 17
VisualStudioVersion = 17.7.33920.267
MinimumVisualStudioVersion = 10.0.40219.1
Project("{9A19103F-16F7-4668-BE54-9A1E7A4F7556}") = "GenOne.JsInterop", "src\GenOne.JsInterop\GenOne.JsInterop.csproj", "{DDAADDFD-3E0B-480C-B11C-5DE509329ADF}"
EndProject
Global
	GlobalSection(SolutionConfigurationPlatforms) = preSolution
		Debug|Any CPU = Debug|Any CPU
		Release|Any CPU = Release|Any CPU
	EndGlobalSection
	GlobalSection(ProjectConfigurationPlatforms) = postSolution
		{DDAADDFD-3E0B-480C-B11C-5DE509329ADF}.Debug|Any CPU.ActiveCfg = Debug|Any CPU
		{DDAADDFD-3E0B-480C-B11C-5DE509329ADF}.Debug|Any CPU.Build.0 = Debug|Any CPU
		{DDAADDFD-3E0B-480C-B11C-5DE509329ADF}.Release|Any CPU.ActiveCfg = Release|Any CPU
		{DDAADDFD-3E0B-480C-B11C-5DE509329ADF}.Release|Any CPU.Build.0 = Release|Any CPU
	EndGlobalSection
	GlobalSection(SolutionProperties) = preSolution
		HideSolutionNode = FALSE
	EndGlobalSection
EndGlobal
