
Microsoft Visual Studio Solution File, Format Version 12.00
# Visual Studio Version 17
VisualStudioVersion = 17.9.34310.174
MinimumVisualStudioVersion = 10.0.40219.1
Project("{FAE04EC0-301F-11D3-BF4B-00C04F79EFBC}") = "Blazor.Hybrid.Demo", "Blazor.Hybrid.Demo\Blazor.Hybrid.Demo.csproj", "{EF305207-FA9E-44F3-9D1C-32038E43108F}"
EndProject
Project("{9A19103F-16F7-4668-BE54-9A1E7A4F7556}") = "GenOne.Blazor.QrScanner", "..\..\src\GenOne.Blazor.QrScanner\src\GenOne.Blazor.QrScanner.csproj", "{CBD006A2-C4FA-45CD-8137-6D753B53581E}"
EndProject
Global
	GlobalSection(SolutionConfigurationPlatforms) = preSolution
		Debug|Any CPU = Debug|Any CPU
		Release|Any CPU = Release|Any CPU
	EndGlobalSection
	GlobalSection(ProjectConfigurationPlatforms) = postSolution
		{EF305207-FA9E-44F3-9D1C-32038E43108F}.Debug|Any CPU.ActiveCfg = Debug|Any CPU
		{EF305207-FA9E-44F3-9D1C-32038E43108F}.Debug|Any CPU.Build.0 = Debug|Any CPU
		{EF305207-FA9E-44F3-9D1C-32038E43108F}.Debug|Any CPU.Deploy.0 = Debug|Any CPU
		{EF305207-FA9E-44F3-9D1C-32038E43108F}.Release|Any CPU.ActiveCfg = Release|Any CPU
		{EF305207-FA9E-44F3-9D1C-32038E43108F}.Release|Any CPU.Build.0 = Release|Any CPU
		{EF305207-FA9E-44F3-9D1C-32038E43108F}.Release|Any CPU.Deploy.0 = Release|Any CPU
		{CBD006A2-C4FA-45CD-8137-6D753B53581E}.Debug|Any CPU.ActiveCfg = Debug|Any CPU
		{CBD006A2-C4FA-45CD-8137-6D753B53581E}.Debug|Any CPU.Build.0 = Debug|Any CPU
		{CBD006A2-C4FA-45CD-8137-6D753B53581E}.Release|Any CPU.ActiveCfg = Release|Any CPU
		{CBD006A2-C4FA-45CD-8137-6D753B53581E}.Release|Any CPU.Build.0 = Release|Any CPU
	EndGlobalSection
	GlobalSection(SolutionProperties) = preSolution
		HideSolutionNode = FALSE
	EndGlobalSection
	GlobalSection(ExtensibilityGlobals) = postSolution
		SolutionGuid = {BB07492D-0455-463C-BB35-DD04F0B43353}
	EndGlobalSection
EndGlobal
