
Microsoft Visual Studio Solution File, Format Version 12.00
# Visual Studio Version 17
VisualStudioVersion = 17.9.34310.174
MinimumVisualStudioVersion = 10.0.40219.1
Project("{9A19103F-16F7-4668-BE54-9A1E7A4F7556}") = "GenOne.Blazor.Images", "src\GenOne.Blazor.Images\GenOne.Blazor.Images.csproj", "{1188D306-36B7-49D8-A250-EF172ABF972B}"
EndProject
Project("{9A19103F-16F7-4668-BE54-9A1E7A4F7556}") = "GenOne.Blazor.ImagesDemo", "demo\GenOne.Blazor.ImagesDemo\GenOne.Blazor.ImagesDemo.csproj", "{C4F6B03D-2EF3-47B8-80F1-C3F551289836}"
EndProject
Global
	GlobalSection(SolutionConfigurationPlatforms) = preSolution
		Debug|Any CPU = Debug|Any CPU
		Release|Any CPU = Release|Any CPU
	EndGlobalSection
	GlobalSection(ProjectConfigurationPlatforms) = postSolution
		{1188D306-36B7-49D8-A250-EF172ABF972B}.Debug|Any CPU.ActiveCfg = Debug|Any CPU
		{1188D306-36B7-49D8-A250-EF172ABF972B}.Debug|Any CPU.Build.0 = Debug|Any CPU
		{1188D306-36B7-49D8-A250-EF172ABF972B}.Release|Any CPU.ActiveCfg = Release|Any CPU
		{1188D306-36B7-49D8-A250-EF172ABF972B}.Release|Any CPU.Build.0 = Release|Any CPU
		{C4F6B03D-2EF3-47B8-80F1-C3F551289836}.Debug|Any CPU.ActiveCfg = Debug|Any CPU
		{C4F6B03D-2EF3-47B8-80F1-C3F551289836}.Debug|Any CPU.Build.0 = Debug|Any CPU
		{C4F6B03D-2EF3-47B8-80F1-C3F551289836}.Debug|Any CPU.Deploy.0 = Debug|Any CPU
		{C4F6B03D-2EF3-47B8-80F1-C3F551289836}.Release|Any CPU.ActiveCfg = Release|Any CPU
		{C4F6B03D-2EF3-47B8-80F1-C3F551289836}.Release|Any CPU.Build.0 = Release|Any CPU
		{C4F6B03D-2EF3-47B8-80F1-C3F551289836}.Release|Any CPU.Deploy.0 = Release|Any CPU
	EndGlobalSection
	GlobalSection(SolutionProperties) = preSolution
		HideSolutionNode = FALSE
	EndGlobalSection
	GlobalSection(ExtensibilityGlobals) = postSolution
		SolutionGuid = {CD3AA17E-39D7-4EAB-B35E-3CCA9E58AC14}
	EndGlobalSection
EndGlobal
